
Microsoft Visual Studio Solution File, Format Version 12.00
# Visual Studio Version 16
VisualStudioVersion = 16.0.31019.35
MinimumVisualStudioVersion = 10.0.40219.1
Project("{FAE04EC0-301F-11D3-BF4B-00C04F79EFBC}") = "KaravikouForAndersen1", "KaravikouForAndersen1\KaravikouForAndersen1.csproj", "{EF93F40D-7C83-436D-AECE-0DB17A886548}"
EndProject
Global
	GlobalSection(SolutionConfigurationPlatforms) = preSolution
		Debug|Any CPU = Debug|Any CPU
		Release|Any CPU = Release|Any CPU
	EndGlobalSection
	GlobalSection(ProjectConfigurationPlatforms) = postSolution
		{EF93F40D-7C83-436D-AECE-0DB17A886548}.Debug|Any CPU.ActiveCfg = Debug|Any CPU
		{EF93F40D-7C83-436D-AECE-0DB17A886548}.Debug|Any CPU.Build.0 = Debug|Any CPU
		{EF93F40D-7C83-436D-AECE-0DB17A886548}.Release|Any CPU.ActiveCfg = Release|Any CPU
		{EF93F40D-7C83-436D-AECE-0DB17A886548}.Release|Any CPU.Build.0 = Release|Any CPU
	EndGlobalSection
	GlobalSection(SolutionProperties) = preSolution
		HideSolutionNode = FALSE
	EndGlobalSection
	GlobalSection(ExtensibilityGlobals) = postSolution
		SolutionGuid = {D2B427AF-D951-4E07-846D-8AAE35B2D05A}
	EndGlobalSection
EndGlobal
